<?xml version="1.0" encoding="utf-8"?>
<Project ToolsVersion="4.0" xmlns="http://schemas.microsoft.com/developer/msbuild/2003">
  <ItemGroup>
    <Filter Include="Source Files">
      <UniqueIdentifier>{4FC737F1-C7A5-4376-A066-2A32D752A2FF}</UniqueIdentifier>
      <Extensions>cpp;c;cc;cxx;def;odl;idl;hpj;bat;asm;asmx</Extensions>
    </Filter>
    <Filter Include="Header Files">
      <UniqueIdentifier>{93995380-89BD-4b04-88EB-625FBE52EBFB}</UniqueIdentifier>
      <Extensions>h;hh;hpp;hxx;hm;inl;inc;xsd</Extensions>
    </Filter>
    <Filter Include="Resource Files">
      <UniqueIdentifier>{67DA6AB6-F800-4c08-8B7A-83BB121AAD01}</UniqueIdentifier>
      <Extensions>qrc;rc;ico;cur;bmp;dlg;rc2;rct;bin;rgs;gif;jpg;jpeg;jpe;resx;tiff;tif;png;wav;mfcribbon-ms</Extensions>
    </Filter>
    <Filter Include="Translation Files">
      <UniqueIdentifier>{639EADAA-A684-42e4-A9AD-28FC9BCB8F7C}</UniqueIdentifier>
      <Extensions>ts</Extensions>
    </Filter>
    <Filter Include="Form Files">
      <UniqueIdentifier>{99349809-55BA-4b9d-BF79-8FDBB0286EB3}</UniqueIdentifier>
      <Extensions>ui</Extensions>
      <ParseFiles>true</ParseFiles>
    </Filter>
  </ItemGroup>
  <ItemGroup>
    <ClInclude Include="loginmanager_global.h">
      <Filter>Header Files</Filter>
    </ClInclude>
    <ClCompile Include="CLoginManager.cpp">
      <Filter>Source Files</Filter>
    </ClCompile>
    <ClInclude Include="CLogin.h">
      <Filter>Header Files</Filter>
    </ClInclude>
    <ClInclude Include="CPermission.h">
      <Filter>Header Files</Filter>
    </ClInclude>
    <ClInclude Include="cdbprocess.h">
      <Filter>Header Files</Filter>
    </ClInclude>
    <ClInclude Include="dbdatadefine.h">
      <Filter>Header Files</Filter>
    </ClInclude>
  </ItemGroup>
  <ItemGroup>
    <ClCompile Include="CLogin.cpp">
      <Filter>Source Files</Filter>
    </ClCompile>
    <ClCompile Include="CPermissionBase.cpp">
      <Filter>Source Files</Filter>
    </ClCompile>
    <ClCompile Include="CLoginStorage.cpp">
      <Filter>Source Files</Filter>
    </ClCompile>
    <ClCompile Include="CLoginUI.cpp">
      <Filter>Source Files</Filter>
    </ClCompile>
    <ClCompile Include="cdbprocess.cpp">
      <Filter>Source Files</Filter>
    </ClCompile>
    <ClCompile Include="libdboperation.cpp">
      <Filter>Source Files</Filter>
    </ClCompile>
    <ClCompile Include="CMySqlDBParaUI.cpp">
      <Filter>Source Files</Filter>
    </ClCompile>
  </ItemGroup>
  <ItemGroup>
    <QtMoc Include="CLoginManager.h">
      <Filter>Header Files</Filter>
    </QtMoc>
    <QtMoc Include="CLoginStorage.h">
      <Filter>Header Files</Filter>
    </QtMoc>
    <QtMoc Include="CLoginUI.h">
      <Filter>Header Files</Filter>
    </QtMoc>
    <QtMoc Include="CPermissionBase.h">
      <Filter>Header Files</Filter>
    </QtMoc>
    <QtMoc Include="libdboperation.h">
      <Filter>Header Files</Filter>
    </QtMoc>
    <QtMoc Include="CMySqlDBParaUI.h">
      <Filter>Header Files</Filter>
    </QtMoc>
  </ItemGroup>
  <ItemGroup>
    <QtUic Include="CLoginUI.ui" />
    <QtUic Include="CMySqlDBParaUI.ui">
      <Filter>Form Files</Filter>
    </QtUic>
  </ItemGroup>
  <ItemGroup>
    <QtTranslation Include="LoginManager_Chinese.ts">
      <Filter>Translation Files</Filter>
    </QtTranslation>
    <QtTranslation Include="LoginManager_English.ts">
      <Filter>Translation Files</Filter>
    </QtTranslation>
  </ItemGroup>
</Project>